
Microsoft Visual Studio Solution File, Format Version 12.00
# Visual Studio 2013
VisualStudioVersion = 12.0.31101.0
MinimumVisualStudioVersion = 10.0.40219.1
Project("{FAE04EC0-301F-11D3-BF4B-00C04F79EFBC}") = "KatanaIntro", "KatanaIntro\KatanaIntro.csproj", "{FED7C525-8B82-4795-ABE1-A65A9F0B9626}"
EndProject
Global
	GlobalSection(SolutionConfigurationPlatforms) = preSolution
		Debug|Any CPU = Debug|Any CPU
		Release|Any CPU = Release|Any CPU
	EndGlobalSection
	GlobalSection(ProjectConfigurationPlatforms) = postSolution
		{FED7C525-8B82-4795-ABE1-A65A9F0B9626}.Debug|Any CPU.ActiveCfg = Debug|Any CPU
		{FED7C525-8B82-4795-ABE1-A65A9F0B9626}.Debug|Any CPU.Build.0 = Debug|Any CPU
		{FED7C525-8B82-4795-ABE1-A65A9F0B9626}.Release|Any CPU.ActiveCfg = Release|Any CPU
		{FED7C525-8B82-4795-ABE1-A65A9F0B9626}.Release|Any CPU.Build.0 = Release|Any CPU
	EndGlobalSection
	GlobalSection(SolutionProperties) = preSolution
		HideSolutionNode = FALSE
	EndGlobalSection
EndGlobal
